
Microsoft Visual Studio Solution File, Format Version 12.00
# Visual Studio Version 17
VisualStudioVersion = 17.0.31903.59
MinimumVisualStudioVersion = 10.0.40219.1
Project("{2150E333-8FDC-42A3-9474-1A3956D46DE8}") = "Api", "Api", "{750068C9-CB1A-4988-B317-53BC1F0896BE}"
EndProject
Project("{2150E333-8FDC-42A3-9474-1A3956D46DE8}") = "Daemon", "Daemon", "{19DBA0AD-5D78-4300-BB8D-EFC0DFEF0CE8}"
EndProject
Project("{FAE04EC0-301F-11D3-BF4B-00C04F79EFBC}") = "Zeus.Api.Web", "Zeus.Api.Web\Zeus.Api.Web.csproj", "{D6373179-DEEE-44AD-9CB4-9C53BB5EED04}"
EndProject
Project("{FAE04EC0-301F-11D3-BF4B-00C04F79EFBC}") = "Zeus.Api.Infrastructure", "Zeus.Api.Infrastructure\Zeus.Api.Infrastructure.csproj", "{80B90B08-0EF8-403D-9666-F8A49A09A800}"
EndProject
Project("{FAE04EC0-301F-11D3-BF4B-00C04F79EFBC}") = "Zeus.Api.Application", "Zeus.Api.Application\Zeus.Api.Application.csproj", "{BA5D39AC-5881-4F0F-9DB5-375E2E2A3992}"
EndProject
Project("{FAE04EC0-301F-11D3-BF4B-00C04F79EFBC}") = "Zeus.Api.Domain", "Zeus.Api.Domain\Zeus.Api.Domain.csproj", "{9F744B69-B309-4EF3-BAF0-690443C1FC43}"
EndProject
Project("{FAE04EC0-301F-11D3-BF4B-00C04F79EFBC}") = "Zeus.Daemon.Runner", "Zeus.Daemon.Runner\Zeus.Daemon.Runner.csproj", "{77BB8EFC-ED8C-421F-B1ED-F3C9C96F0698}"
EndProject
Project("{FAE04EC0-301F-11D3-BF4B-00C04F79EFBC}") = "Zeus.Daemon.Domain", "Zeus.Daemon.Domain\Zeus.Daemon.Domain.csproj", "{59FB6AD0-6D97-4C62-8BD1-C75B5C2F0307}"
EndProject
Project("{FAE04EC0-301F-11D3-BF4B-00C04F79EFBC}") = "Zeus.Daemon.Application", "Zeus.Daemon.Application\Zeus.Daemon.Application.csproj", "{97F913A2-5D60-4B86-BF62-3C5F3A21661F}"
EndProject
Project("{FAE04EC0-301F-11D3-BF4B-00C04F79EFBC}") = "Zeus.Daemon.Infrastructure", "Zeus.Daemon.Infrastructure\Zeus.Daemon.Infrastructure.csproj", "{1AED7E27-9A71-457A-9F46-ACEA5A7B17E1}"
EndProject
Project("{2150E333-8FDC-42A3-9474-1A3956D46DE8}") = "BuildingBlocks", "BuildingBlocks", "{4F30FF27-F4A0-4469-AE8F-26CBAA0D4F75}"
EndProject
Project("{FAE04EC0-301F-11D3-BF4B-00C04F79EFBC}") = "Zeus.BuildingBlocks.Domain", "Zeus.BuildingBlocks.Domain\Zeus.BuildingBlocks.Domain.csproj", "{407E2CD0-F2B5-463F-B19A-B0E2CB874F96}"
EndProject
Project("{FAE04EC0-301F-11D3-BF4B-00C04F79EFBC}") = "Zeus.BuildingBlocks.Application", "Zeus.BuildingBlocks.Application\Zeus.BuildingBlocks.Application.csproj", "{195C4E51-228D-40ED-AF8F-C9722A251B98}"
EndProject
Project("{FAE04EC0-301F-11D3-BF4B-00C04F79EFBC}") = "Zeus.BuildingBlocks.Extensions", "Zeus.BuildingBlocks.Extensions\Zeus.BuildingBlocks.Extensions.csproj", "{2936C839-BF56-4ABD-8C0C-774C825A0397}"
EndProject
Project("{FAE04EC0-301F-11D3-BF4B-00C04F79EFBC}") = "Zeus.Api.Migrations", "Zeus.Api.Migrations\Zeus.Api.Migrations.csproj", "{563D98E6-0AE1-4071-A1DB-077C8E10217B}"
EndProject
Project("{FAE04EC0-301F-11D3-BF4B-00C04F79EFBC}") = "Zeus.Api.gRPC", "Zeus.Api.gRPC\Zeus.Api.gRPC.csproj", "{D7679FA2-CFD3-4F6B-B481-EC517ABB1D14}"
EndProject
Project("{FAE04EC0-301F-11D3-BF4B-00C04F79EFBC}") = "Zeus.Api.gRPC.SDK", "Zeus.Api.gRPC.SDK\Zeus.Api.gRPC.SDK.csproj", "{F3E8B14D-631E-468F-81AD-10698E6FA0D1}"
EndProject
Project("{2150E333-8FDC-42A3-9474-1A3956D46DE8}") = "Common", "Common", "{6177C21B-1BCE-4925-AC04-FFB23B67AEF3}"
EndProject
Project("{FAE04EC0-301F-11D3-BF4B-00C04F79EFBC}") = "Zeus.Common.Domain", "Zeus.Common.Domain\Zeus.Common.Domain.csproj", "{D4D27FFE-5E17-47A6-A829-AFB266164A4A}"
EndProject
Global
	GlobalSection(SolutionConfigurationPlatforms) = preSolution
		Debug|Any CPU = Debug|Any CPU
		Release|Any CPU = Release|Any CPU
	EndGlobalSection
	GlobalSection(SolutionProperties) = preSolution
		HideSolutionNode = FALSE
	EndGlobalSection
	GlobalSection(NestedProjects) = preSolution
		{D6373179-DEEE-44AD-9CB4-9C53BB5EED04} = {750068C9-CB1A-4988-B317-53BC1F0896BE}
		{80B90B08-0EF8-403D-9666-F8A49A09A800} = {750068C9-CB1A-4988-B317-53BC1F0896BE}
		{BA5D39AC-5881-4F0F-9DB5-375E2E2A3992} = {750068C9-CB1A-4988-B317-53BC1F0896BE}
		{9F744B69-B309-4EF3-BAF0-690443C1FC43} = {750068C9-CB1A-4988-B317-53BC1F0896BE}
		{77BB8EFC-ED8C-421F-B1ED-F3C9C96F0698} = {19DBA0AD-5D78-4300-BB8D-EFC0DFEF0CE8}
		{59FB6AD0-6D97-4C62-8BD1-C75B5C2F0307} = {19DBA0AD-5D78-4300-BB8D-EFC0DFEF0CE8}
		{97F913A2-5D60-4B86-BF62-3C5F3A21661F} = {19DBA0AD-5D78-4300-BB8D-EFC0DFEF0CE8}
		{1AED7E27-9A71-457A-9F46-ACEA5A7B17E1} = {19DBA0AD-5D78-4300-BB8D-EFC0DFEF0CE8}
		{407E2CD0-F2B5-463F-B19A-B0E2CB874F96} = {4F30FF27-F4A0-4469-AE8F-26CBAA0D4F75}
		{195C4E51-228D-40ED-AF8F-C9722A251B98} = {4F30FF27-F4A0-4469-AE8F-26CBAA0D4F75}
		{2936C839-BF56-4ABD-8C0C-774C825A0397} = {4F30FF27-F4A0-4469-AE8F-26CBAA0D4F75}
		{563D98E6-0AE1-4071-A1DB-077C8E10217B} = {750068C9-CB1A-4988-B317-53BC1F0896BE}
		{D7679FA2-CFD3-4F6B-B481-EC517ABB1D14} = {750068C9-CB1A-4988-B317-53BC1F0896BE}
		{F3E8B14D-631E-468F-81AD-10698E6FA0D1} = {750068C9-CB1A-4988-B317-53BC1F0896BE}
		{D4D27FFE-5E17-47A6-A829-AFB266164A4A} = {6177C21B-1BCE-4925-AC04-FFB23B67AEF3}
	EndGlobalSection
	GlobalSection(ProjectConfigurationPlatforms) = postSolution
		{D6373179-DEEE-44AD-9CB4-9C53BB5EED04}.Debug|Any CPU.ActiveCfg = Debug|Any CPU
		{D6373179-DEEE-44AD-9CB4-9C53BB5EED04}.Debug|Any CPU.Build.0 = Debug|Any CPU
		{D6373179-DEEE-44AD-9CB4-9C53BB5EED04}.Release|Any CPU.ActiveCfg = Release|Any CPU
		{D6373179-DEEE-44AD-9CB4-9C53BB5EED04}.Release|Any CPU.Build.0 = Release|Any CPU
		{80B90B08-0EF8-403D-9666-F8A49A09A800}.Debug|Any CPU.ActiveCfg = Debug|Any CPU
		{80B90B08-0EF8-403D-9666-F8A49A09A800}.Debug|Any CPU.Build.0 = Debug|Any CPU
		{80B90B08-0EF8-403D-9666-F8A49A09A800}.Release|Any CPU.ActiveCfg = Release|Any CPU
		{80B90B08-0EF8-403D-9666-F8A49A09A800}.Release|Any CPU.Build.0 = Release|Any CPU
		{BA5D39AC-5881-4F0F-9DB5-375E2E2A3992}.Debug|Any CPU.ActiveCfg = Debug|Any CPU
		{BA5D39AC-5881-4F0F-9DB5-375E2E2A3992}.Debug|Any CPU.Build.0 = Debug|Any CPU
		{BA5D39AC-5881-4F0F-9DB5-375E2E2A3992}.Release|Any CPU.ActiveCfg = Release|Any CPU
		{BA5D39AC-5881-4F0F-9DB5-375E2E2A3992}.Release|Any CPU.Build.0 = Release|Any CPU
		{9F744B69-B309-4EF3-BAF0-690443C1FC43}.Debug|Any CPU.ActiveCfg = Debug|Any CPU
		{9F744B69-B309-4EF3-BAF0-690443C1FC43}.Debug|Any CPU.Build.0 = Debug|Any CPU
		{9F744B69-B309-4EF3-BAF0-690443C1FC43}.Release|Any CPU.ActiveCfg = Release|Any CPU
		{9F744B69-B309-4EF3-BAF0-690443C1FC43}.Release|Any CPU.Build.0 = Release|Any CPU
		{77BB8EFC-ED8C-421F-B1ED-F3C9C96F0698}.Debug|Any CPU.ActiveCfg = Debug|Any CPU
		{77BB8EFC-ED8C-421F-B1ED-F3C9C96F0698}.Debug|Any CPU.Build.0 = Debug|Any CPU
		{77BB8EFC-ED8C-421F-B1ED-F3C9C96F0698}.Release|Any CPU.ActiveCfg = Release|Any CPU
		{77BB8EFC-ED8C-421F-B1ED-F3C9C96F0698}.Release|Any CPU.Build.0 = Release|Any CPU
		{59FB6AD0-6D97-4C62-8BD1-C75B5C2F0307}.Debug|Any CPU.ActiveCfg = Debug|Any CPU
		{59FB6AD0-6D97-4C62-8BD1-C75B5C2F0307}.Debug|Any CPU.Build.0 = Debug|Any CPU
		{59FB6AD0-6D97-4C62-8BD1-C75B5C2F0307}.Release|Any CPU.ActiveCfg = Release|Any CPU
		{59FB6AD0-6D97-4C62-8BD1-C75B5C2F0307}.Release|Any CPU.Build.0 = Release|Any CPU
		{97F913A2-5D60-4B86-BF62-3C5F3A21661F}.Debug|Any CPU.ActiveCfg = Debug|Any CPU
		{97F913A2-5D60-4B86-BF62-3C5F3A21661F}.Debug|Any CPU.Build.0 = Debug|Any CPU
		{97F913A2-5D60-4B86-BF62-3C5F3A21661F}.Release|Any CPU.ActiveCfg = Release|Any CPU
		{97F913A2-5D60-4B86-BF62-3C5F3A21661F}.Release|Any CPU.Build.0 = Release|Any CPU
		{1AED7E27-9A71-457A-9F46-ACEA5A7B17E1}.Debug|Any CPU.ActiveCfg = Debug|Any CPU
		{1AED7E27-9A71-457A-9F46-ACEA5A7B17E1}.Debug|Any CPU.Build.0 = Debug|Any CPU
		{1AED7E27-9A71-457A-9F46-ACEA5A7B17E1}.Release|Any CPU.ActiveCfg = Release|Any CPU
		{1AED7E27-9A71-457A-9F46-ACEA5A7B17E1}.Release|Any CPU.Build.0 = Release|Any CPU
		{407E2CD0-F2B5-463F-B19A-B0E2CB874F96}.Debug|Any CPU.ActiveCfg = Debug|Any CPU
		{407E2CD0-F2B5-463F-B19A-B0E2CB874F96}.Debug|Any CPU.Build.0 = Debug|Any CPU
		{407E2CD0-F2B5-463F-B19A-B0E2CB874F96}.Release|Any CPU.ActiveCfg = Release|Any CPU
		{407E2CD0-F2B5-463F-B19A-B0E2CB874F96}.Release|Any CPU.Build.0 = Release|Any CPU
		{195C4E51-228D-40ED-AF8F-C9722A251B98}.Debug|Any CPU.ActiveCfg = Debug|Any CPU
		{195C4E51-228D-40ED-AF8F-C9722A251B98}.Debug|Any CPU.Build.0 = Debug|Any CPU
		{195C4E51-228D-40ED-AF8F-C9722A251B98}.Release|Any CPU.ActiveCfg = Release|Any CPU
		{195C4E51-228D-40ED-AF8F-C9722A251B98}.Release|Any CPU.Build.0 = Release|Any CPU
		{2936C839-BF56-4ABD-8C0C-774C825A0397}.Debug|Any CPU.ActiveCfg = Debug|Any CPU
		{2936C839-BF56-4ABD-8C0C-774C825A0397}.Debug|Any CPU.Build.0 = Debug|Any CPU
		{2936C839-BF56-4ABD-8C0C-774C825A0397}.Release|Any CPU.ActiveCfg = Release|Any CPU
		{2936C839-BF56-4ABD-8C0C-774C825A0397}.Release|Any CPU.Build.0 = Release|Any CPU
		{563D98E6-0AE1-4071-A1DB-077C8E10217B}.Debug|Any CPU.ActiveCfg = Debug|Any CPU
		{563D98E6-0AE1-4071-A1DB-077C8E10217B}.Debug|Any CPU.Build.0 = Debug|Any CPU
		{563D98E6-0AE1-4071-A1DB-077C8E10217B}.Release|Any CPU.ActiveCfg = Release|Any CPU
		{563D98E6-0AE1-4071-A1DB-077C8E10217B}.Release|Any CPU.Build.0 = Release|Any CPU
		{D7679FA2-CFD3-4F6B-B481-EC517ABB1D14}.Debug|Any CPU.ActiveCfg = Debug|Any CPU
		{D7679FA2-CFD3-4F6B-B481-EC517ABB1D14}.Debug|Any CPU.Build.0 = Debug|Any CPU
		{D7679FA2-CFD3-4F6B-B481-EC517ABB1D14}.Release|Any CPU.ActiveCfg = Release|Any CPU
		{D7679FA2-CFD3-4F6B-B481-EC517ABB1D14}.Release|Any CPU.Build.0 = Release|Any CPU
		{F3E8B14D-631E-468F-81AD-10698E6FA0D1}.Debug|Any CPU.ActiveCfg = Debug|Any CPU
		{F3E8B14D-631E-468F-81AD-10698E6FA0D1}.Debug|Any CPU.Build.0 = Debug|Any CPU
		{F3E8B14D-631E-468F-81AD-10698E6FA0D1}.Release|Any CPU.ActiveCfg = Release|Any CPU
		{F3E8B14D-631E-468F-81AD-10698E6FA0D1}.Release|Any CPU.Build.0 = Release|Any CPU
		{D4D27FFE-5E17-47A6-A829-AFB266164A4A}.Debug|Any CPU.ActiveCfg = Debug|Any CPU
		{D4D27FFE-5E17-47A6-A829-AFB266164A4A}.Debug|Any CPU.Build.0 = Debug|Any CPU
		{D4D27FFE-5E17-47A6-A829-AFB266164A4A}.Release|Any CPU.ActiveCfg = Release|Any CPU
		{D4D27FFE-5E17-47A6-A829-AFB266164A4A}.Release|Any CPU.Build.0 = Release|Any CPU
	EndGlobalSection
EndGlobal
